{
    "name": "share-file-systems",
    "version": "0.0.13",
    "lockfileVersion": 1,
    "requires": true,
    "dependencies": {
        "@types/node": {
            "version": "12.12.22",
            "resolved": "https://registry.npmjs.org/@types/node/-/node-12.12.22.tgz",
            "integrity": "sha512-r5i93jqbPWGXYXxianGATOxTelkp6ih/U0WVnvaqAvTqM+0U6J3kw6Xk6uq/dWNRkEVw/0SLcO5ORXbVNz4FMQ=="
        }
    }
}
